PODS:
  - AWSAppSync (2.6.15):
    - AWSCore (~> 2.6.6)
    - ReachabilitySwift (~> 4.0.0)
    - SQLite.swift (= 0.11.4)
  - AWSAuthCore (2.6.14):
    - AWSCore (= 2.6.14)
  - AWSAuthUI (2.6.14):
    - AWSAuthCore (= 2.6.14)
    - AWSCore (= 2.6.14)
  - AWSCognitoIdentityProvider (2.6.14):
    - AWSCognitoIdentityProviderASF (= 1.0.1)
    - AWSCore (= 2.6.14)
  - AWSCognitoIdentityProviderASF (1.0.1)
  - AWSCore (2.6.14)
  - AWSMobileClient (2.6.14):
    - AWSAuthCore (= 2.6.14)
  - AWSUserPoolsSignIn (2.6.14):
    - AWSAuthCore (= 2.6.14)
    - AWSCognitoIdentityProvider (= 2.6.14)
  - ReachabilitySwift (4.0.0)
  - SQLite.swift (0.11.4):
    - SQLite.swift/standard (= 0.11.4)
  - SQLite.swift/standard (0.11.4)

DEPENDENCIES:
  - AWSAppSync (~> 2.6.7)
  - AWSAuthUI (~> 2.6.13)
  - AWSMobileClient (~> 2.6.13)
  - AWSUserPoolsSignIn (~> 2.6.13)

SPEC CHECKSUMS:
  AWSAppSync: b1ec632c39ecd8441c67dea4b23b34e7f0518d67
  AWSAuthCore: b13b0cb87abac6d44c52d8b965bbdb4cd0842017
  AWSAuthUI: 6c4b7eb77ff6f6f96a2a8661dc57cc840234dfbb
  AWSCognitoIdentityProvider: 5055dd6a04040582191b0f3a80723e67fc55eaf4
  AWSCognitoIdentityProviderASF: f94f1a502e72ef3d0a1de93e10bf7a79c8698118
  AWSCore: 8c883c2623d314dd82cca3809527784e1d1a02e5
  AWSMobileClient: 4467dd19e5e50d9a115b37e7be3ffb689c0b285c
  AWSUserPoolsSignIn: 8c52ad458e6e6fbf385a41a6b5d35a99c707db37
  ReachabilitySwift: e67b2cab4d5386053673d8a7421b5981e5f08259
  SQLite.swift: 3e3bee21da701b5b9f87c4a672cb54f233505692

PODFILE CHECKSUM: 8ab700727e158497e2356cfba3f3a3ad0887078c

COCOAPODS: 1.4.0
